
Microsoft Visual Studio Solution File, Format Version 12.00
# Visual Studio Version 17
VisualStudioVersion = 17.14.36623.8
MinimumVisualStudioVersion = 10.0.40219.1
Project("{FAE04EC0-301F-11D3-BF4B-00C04F79EFBC}") = "BussinessObject", "BussinessObject\BussinessObject.csproj", "{1C527663-F11F-4E9D-AEF5-5D4CFD0DD0C4}"
EndProject
Project("{FAE04EC0-301F-11D3-BF4B-00C04F79EFBC}") = "DataAccess", "DataAccess\DataAccess.csproj", "{97D35093-0B68-425B-ABBD-F00FA8895DAD}"
EndProject
Project("{FAE04EC0-301F-11D3-BF4B-00C04F79EFBC}") = "eStoreAPI", "eStoreAPI\eStoreAPI.csproj", "{E8A4C8AE-9D80-4853-A43E-91D92439B20A}"
EndProject
Project("{FAE04EC0-301F-11D3-BF4B-00C04F79EFBC}") = "eStore", "eStore\eStore.csproj", "{1FABA5C0-6959-4293-9D56-ABF4655C23CA}"
EndProject
Global
	GlobalSection(SolutionConfigurationPlatforms) = preSolution
		Debug|Any CPU = Debug|Any CPU
		Release|Any CPU = Release|Any CPU
	EndGlobalSection
	GlobalSection(ProjectConfigurationPlatforms) = postSolution
		{1C527663-F11F-4E9D-AEF5-5D4CFD0DD0C4}.Debug|Any CPU.ActiveCfg = Debug|Any CPU
		{1C527663-F11F-4E9D-AEF5-5D4CFD0DD0C4}.Debug|Any CPU.Build.0 = Debug|Any CPU
		{1C527663-F11F-4E9D-AEF5-5D4CFD0DD0C4}.Release|Any CPU.ActiveCfg = Release|Any CPU
		{1C527663-F11F-4E9D-AEF5-5D4CFD0DD0C4}.Release|Any CPU.Build.0 = Release|Any CPU
		{97D35093-0B68-425B-ABBD-F00FA8895DAD}.Debug|Any CPU.ActiveCfg = Debug|Any CPU
		{97D35093-0B68-425B-ABBD-F00FA8895DAD}.Debug|Any CPU.Build.0 = Debug|Any CPU
		{97D35093-0B68-425B-ABBD-F00FA8895DAD}.Release|Any CPU.ActiveCfg = Release|Any CPU
		{97D35093-0B68-425B-ABBD-F00FA8895DAD}.Release|Any CPU.Build.0 = Release|Any CPU
		{E8A4C8AE-9D80-4853-A43E-91D92439B20A}.Debug|Any CPU.ActiveCfg = Debug|Any CPU
		{E8A4C8AE-9D80-4853-A43E-91D92439B20A}.Debug|Any CPU.Build.0 = Debug|Any CPU
		{E8A4C8AE-9D80-4853-A43E-91D92439B20A}.Release|Any CPU.ActiveCfg = Release|Any CPU
		{E8A4C8AE-9D80-4853-A43E-91D92439B20A}.Release|Any CPU.Build.0 = Release|Any CPU
		{1FABA5C0-6959-4293-9D56-ABF4655C23CA}.Debug|Any CPU.ActiveCfg = Debug|Any CPU
		{1FABA5C0-6959-4293-9D56-ABF4655C23CA}.Debug|Any CPU.Build.0 = Debug|Any CPU
		{1FABA5C0-6959-4293-9D56-ABF4655C23CA}.Release|Any CPU.ActiveCfg = Release|Any CPU
		{1FABA5C0-6959-4293-9D56-ABF4655C23CA}.Release|Any CPU.Build.0 = Release|Any CPU
	EndGlobalSection
	GlobalSection(SolutionProperties) = preSolution
		HideSolutionNode = FALSE
	EndGlobalSection
	GlobalSection(ExtensibilityGlobals) = postSolution
		SolutionGuid = {FFD9642B-FFAC-4EEA-8AE5-436988A05D3B}
	EndGlobalSection
EndGlobal
